
Microsoft Visual Studio Solution File, Format Version 12.00
# Visual Studio 15
VisualStudioVersion = 15.0.28307.136
MinimumVisualStudioVersion = 10.0.40219.1
Project("{FAE04EC0-301F-11D3-BF4B-00C04F79EFBC}") = "2", "2\2.csproj", "{AAB486F1-F6BD-4525-AEF7-3A58F70553BC}"
EndProject
Project("{FAE04EC0-301F-11D3-BF4B-00C04F79EFBC}") = "3", "3\3.csproj", "{F21B20ED-11A3-45FD-ACC4-D3BBCB17DFAD}"
EndProject
Project("{FAE04EC0-301F-11D3-BF4B-00C04F79EFBC}") = "4", "4\4.csproj", "{7435EC8D-7CD5-42F4-8F0A-43CCC37B24D4}"
EndProject
Project("{FAE04EC0-301F-11D3-BF4B-00C04F79EFBC}") = "1", "1\1.csproj", "{706559BF-1AEE-40A3-AB3B-0D6AA30DC179}"
EndProject
Project("{FAE04EC0-301F-11D3-BF4B-00C04F79EFBC}") = "5", "5\5.csproj", "{821C6D88-510F-443E-95AA-CB9A19F69862}"
EndProject
Project("{FAE04EC0-301F-11D3-BF4B-00C04F79EFBC}") = "6", "6\6.csproj", "{0424EE34-B5F7-4E00-BCCB-F66ACF6EF538}"
EndProject
Project("{FAE04EC0-301F-11D3-BF4B-00C04F79EFBC}") = "7", "7\7.csproj", "{A15A2422-EC02-4AA5-9635-D3E4E9A47882}"
EndProject
Project("{FAE04EC0-301F-11D3-BF4B-00C04F79EFBC}") = "8", "8\8.csproj", "{6E982921-8259-4565-B966-F7366ABA3ADE}"
EndProject
Project("{FAE04EC0-301F-11D3-BF4B-00C04F79EFBC}") = "AdventOfCodeUtilities", "Utilities\AdventOfCodeUtilities.csproj", "{B6403C52-91A9-4475-A81A-E21E53835CB7}"
EndProject
Project("{FAE04EC0-301F-11D3-BF4B-00C04F79EFBC}") = "9", "9\9.csproj", "{2F1871D9-3B05-48C2-B4C3-FDE7BCD5869E}"
EndProject
Project("{FAE04EC0-301F-11D3-BF4B-00C04F79EFBC}") = "10", "10\10.csproj", "{0815B341-64E9-427B-98F0-20BE57089818}"
EndProject
Project("{FAE04EC0-301F-11D3-BF4B-00C04F79EFBC}") = "11", "11\11.csproj", "{2F62B687-EFB7-4063-955E-0D028E2F29CC}"
EndProject
Project("{FAE04EC0-301F-11D3-BF4B-00C04F79EFBC}") = "12", "12\12.csproj", "{63AB4209-9851-4438-98C9-47B5E80DCD9A}"
EndProject
Project("{FAE04EC0-301F-11D3-BF4B-00C04F79EFBC}") = "13", "13\13.csproj", "{0DE70A5D-E599-4A0A-9216-47E2EF2DEB7A}"
EndProject
Project("{FAE04EC0-301F-11D3-BF4B-00C04F79EFBC}") = "13_Form", "13_Form\13_Form.csproj", "{7148DD16-02C2-4500-B4D3-D10D00311CA0}"
EndProject
Project("{FAE04EC0-301F-11D3-BF4B-00C04F79EFBC}") = "14", "14\14.csproj", "{FCF5C258-0F4F-41BD-9854-E179B0650903}"
EndProject
Project("{FAE04EC0-301F-11D3-BF4B-00C04F79EFBC}") = "15", "15\15.csproj", "{A3881F30-4A5C-42BA-8E45-339F3640B95C}"
EndProject
Project("{FAE04EC0-301F-11D3-BF4B-00C04F79EFBC}") = "16", "16\16.csproj", "{5EB0B08A-A82E-44AF-A166-00C109E1532B}"
EndProject
Project("{FAE04EC0-301F-11D3-BF4B-00C04F79EFBC}") = "17", "17\17.csproj", "{D5F1B49A-0041-43A4-B9BF-3B2CA962212E}"
EndProject
Project("{FAE04EC0-301F-11D3-BF4B-00C04F79EFBC}") = "17_Form", "17_Form\17_Form.csproj", "{186AC283-1B19-4762-9417-D9DA7FC1FD67}"
EndProject
Project("{FAE04EC0-301F-11D3-BF4B-00C04F79EFBC}") = "18", "18\18.csproj", "{59CFC028-E17A-4AF9-AF6A-F41EA4D73EBD}"
EndProject
Project("{FAE04EC0-301F-11D3-BF4B-00C04F79EFBC}") = "19", "19\19.csproj", "{2AE4256F-223D-4F5E-87F7-7E52D9A53A4F}"
EndProject
Project("{FAE04EC0-301F-11D3-BF4B-00C04F79EFBC}") = "20", "20\20.csproj", "{46909999-C38A-4BDA-A20C-B5E31AF0E114}"
EndProject
Project("{FAE04EC0-301F-11D3-BF4B-00C04F79EFBC}") = "21", "21\21.csproj", "{51AD1596-CA6B-486C-88C0-85BD61B94CBF}"
EndProject
Project("{FAE04EC0-301F-11D3-BF4B-00C04F79EFBC}") = "22", "22\22.csproj", "{AC92C8C3-5331-4D12-B821-BFAF50D1171A}"
EndProject
Project("{FAE04EC0-301F-11D3-BF4B-00C04F79EFBC}") = "23", "23\23.csproj", "{64CA2BE5-F1FC-48E7-AE13-C212C16D90CB}"
EndProject
Project("{FAE04EC0-301F-11D3-BF4B-00C04F79EFBC}") = "24", "24\24.csproj", "{6F54EBE5-CDCF-44F4-A498-6B45D3ADAEDD}"
EndProject
Project("{FAE04EC0-301F-11D3-BF4B-00C04F79EFBC}") = "25", "25\25.csproj", "{F9553D1D-2BF0-44BE-AB74-CC6EA8FEE076}"
EndProject
Global
	GlobalSection(SolutionConfigurationPlatforms) = preSolution
		Debug|Any CPU = Debug|Any CPU
		Release|Any CPU = Release|Any CPU
	EndGlobalSection
	GlobalSection(ProjectConfigurationPlatforms) = postSolution
		{AAB486F1-F6BD-4525-AEF7-3A58F70553BC}.Debug|Any CPU.ActiveCfg = Debug|Any CPU
		{AAB486F1-F6BD-4525-AEF7-3A58F70553BC}.Debug|Any CPU.Build.0 = Debug|Any CPU
		{AAB486F1-F6BD-4525-AEF7-3A58F70553BC}.Release|Any CPU.ActiveCfg = Release|Any CPU
		{AAB486F1-F6BD-4525-AEF7-3A58F70553BC}.Release|Any CPU.Build.0 = Release|Any CPU
		{F21B20ED-11A3-45FD-ACC4-D3BBCB17DFAD}.Debug|Any CPU.ActiveCfg = Debug|Any CPU
		{F21B20ED-11A3-45FD-ACC4-D3BBCB17DFAD}.Debug|Any CPU.Build.0 = Debug|Any CPU
		{F21B20ED-11A3-45FD-ACC4-D3BBCB17DFAD}.Release|Any CPU.ActiveCfg = Release|Any CPU
		{F21B20ED-11A3-45FD-ACC4-D3BBCB17DFAD}.Release|Any CPU.Build.0 = Release|Any CPU
		{7435EC8D-7CD5-42F4-8F0A-43CCC37B24D4}.Debug|Any CPU.ActiveCfg = Debug|Any CPU
		{7435EC8D-7CD5-42F4-8F0A-43CCC37B24D4}.Debug|Any CPU.Build.0 = Debug|Any CPU
		{7435EC8D-7CD5-42F4-8F0A-43CCC37B24D4}.Release|Any CPU.ActiveCfg = Release|Any CPU
		{7435EC8D-7CD5-42F4-8F0A-43CCC37B24D4}.Release|Any CPU.Build.0 = Release|Any CPU
		{706559BF-1AEE-40A3-AB3B-0D6AA30DC179}.Debug|Any CPU.ActiveCfg = Debug|Any CPU
		{706559BF-1AEE-40A3-AB3B-0D6AA30DC179}.Debug|Any CPU.Build.0 = Debug|Any CPU
		{706559BF-1AEE-40A3-AB3B-0D6AA30DC179}.Release|Any CPU.ActiveCfg = Release|Any CPU
		{706559BF-1AEE-40A3-AB3B-0D6AA30DC179}.Release|Any CPU.Build.0 = Release|Any CPU
		{821C6D88-510F-443E-95AA-CB9A19F69862}.Debug|Any CPU.ActiveCfg = Debug|Any CPU
		{821C6D88-510F-443E-95AA-CB9A19F69862}.Debug|Any CPU.Build.0 = Debug|Any CPU
		{821C6D88-510F-443E-95AA-CB9A19F69862}.Release|Any CPU.ActiveCfg = Release|Any CPU
		{821C6D88-510F-443E-95AA-CB9A19F69862}.Release|Any CPU.Build.0 = Release|Any CPU
		{0424EE34-B5F7-4E00-BCCB-F66ACF6EF538}.Debug|Any CPU.ActiveCfg = Debug|Any CPU
		{0424EE34-B5F7-4E00-BCCB-F66ACF6EF538}.Debug|Any CPU.Build.0 = Debug|Any CPU
		{0424EE34-B5F7-4E00-BCCB-F66ACF6EF538}.Release|Any CPU.ActiveCfg = Release|Any CPU
		{0424EE34-B5F7-4E00-BCCB-F66ACF6EF538}.Release|Any CPU.Build.0 = Release|Any CPU
		{A15A2422-EC02-4AA5-9635-D3E4E9A47882}.Debug|Any CPU.ActiveCfg = Debug|Any CPU
		{A15A2422-EC02-4AA5-9635-D3E4E9A47882}.Debug|Any CPU.Build.0 = Debug|Any CPU
		{A15A2422-EC02-4AA5-9635-D3E4E9A47882}.Release|Any CPU.ActiveCfg = Release|Any CPU
		{A15A2422-EC02-4AA5-9635-D3E4E9A47882}.Release|Any CPU.Build.0 = Release|Any CPU
		{6E982921-8259-4565-B966-F7366ABA3ADE}.Debug|Any CPU.ActiveCfg = Debug|Any CPU
		{6E982921-8259-4565-B966-F7366ABA3ADE}.Debug|Any CPU.Build.0 = Debug|Any CPU
		{6E982921-8259-4565-B966-F7366ABA3ADE}.Release|Any CPU.ActiveCfg = Release|Any CPU
		{6E982921-8259-4565-B966-F7366ABA3ADE}.Release|Any CPU.Build.0 = Release|Any CPU
		{B6403C52-91A9-4475-A81A-E21E53835CB7}.Debug|Any CPU.ActiveCfg = Debug|Any CPU
		{B6403C52-91A9-4475-A81A-E21E53835CB7}.Debug|Any CPU.Build.0 = Debug|Any CPU
		{B6403C52-91A9-4475-A81A-E21E53835CB7}.Release|Any CPU.ActiveCfg = Release|Any CPU
		{B6403C52-91A9-4475-A81A-E21E53835CB7}.Release|Any CPU.Build.0 = Release|Any CPU
		{2F1871D9-3B05-48C2-B4C3-FDE7BCD5869E}.Debug|Any CPU.ActiveCfg = Debug|Any CPU
		{2F1871D9-3B05-48C2-B4C3-FDE7BCD5869E}.Debug|Any CPU.Build.0 = Debug|Any CPU
		{2F1871D9-3B05-48C2-B4C3-FDE7BCD5869E}.Release|Any CPU.ActiveCfg = Release|Any CPU
		{2F1871D9-3B05-48C2-B4C3-FDE7BCD5869E}.Release|Any CPU.Build.0 = Release|Any CPU
		{0815B341-64E9-427B-98F0-20BE57089818}.Debug|Any CPU.ActiveCfg = Debug|Any CPU
		{0815B341-64E9-427B-98F0-20BE57089818}.Debug|Any CPU.Build.0 = Debug|Any CPU
		{0815B341-64E9-427B-98F0-20BE57089818}.Release|Any CPU.ActiveCfg = Release|Any CPU
		{0815B341-64E9-427B-98F0-20BE57089818}.Release|Any CPU.Build.0 = Release|Any CPU
		{2F62B687-EFB7-4063-955E-0D028E2F29CC}.Debug|Any CPU.ActiveCfg = Debug|Any CPU
		{2F62B687-EFB7-4063-955E-0D028E2F29CC}.Debug|Any CPU.Build.0 = Debug|Any CPU
		{2F62B687-EFB7-4063-955E-0D028E2F29CC}.Release|Any CPU.ActiveCfg = Release|Any CPU
		{2F62B687-EFB7-4063-955E-0D028E2F29CC}.Release|Any CPU.Build.0 = Release|Any CPU
		{63AB4209-9851-4438-98C9-47B5E80DCD9A}.Debug|Any CPU.ActiveCfg = Debug|Any CPU
		{63AB4209-9851-4438-98C9-47B5E80DCD9A}.Debug|Any CPU.Build.0 = Debug|Any CPU
		{63AB4209-9851-4438-98C9-47B5E80DCD9A}.Release|Any CPU.ActiveCfg = Release|Any CPU
		{63AB4209-9851-4438-98C9-47B5E80DCD9A}.Release|Any CPU.Build.0 = Release|Any CPU
		{0DE70A5D-E599-4A0A-9216-47E2EF2DEB7A}.Debug|Any CPU.ActiveCfg = Debug|Any CPU
		{0DE70A5D-E599-4A0A-9216-47E2EF2DEB7A}.Debug|Any CPU.Build.0 = Debug|Any CPU
		{0DE70A5D-E599-4A0A-9216-47E2EF2DEB7A}.Release|Any CPU.ActiveCfg = Release|Any CPU
		{0DE70A5D-E599-4A0A-9216-47E2EF2DEB7A}.Release|Any CPU.Build.0 = Release|Any CPU
		{7148DD16-02C2-4500-B4D3-D10D00311CA0}.Debug|Any CPU.ActiveCfg = Debug|Any CPU
		{7148DD16-02C2-4500-B4D3-D10D00311CA0}.Debug|Any CPU.Build.0 = Debug|Any CPU
		{7148DD16-02C2-4500-B4D3-D10D00311CA0}.Release|Any CPU.ActiveCfg = Release|Any CPU
		{7148DD16-02C2-4500-B4D3-D10D00311CA0}.Release|Any CPU.Build.0 = Release|Any CPU
		{FCF5C258-0F4F-41BD-9854-E179B0650903}.Debug|Any CPU.ActiveCfg = Debug|Any CPU
		{FCF5C258-0F4F-41BD-9854-E179B0650903}.Debug|Any CPU.Build.0 = Debug|Any CPU
		{FCF5C258-0F4F-41BD-9854-E179B0650903}.Release|Any CPU.ActiveCfg = Release|Any CPU
		{FCF5C258-0F4F-41BD-9854-E179B0650903}.Release|Any CPU.Build.0 = Release|Any CPU
		{A3881F30-4A5C-42BA-8E45-339F3640B95C}.Debug|Any CPU.ActiveCfg = Debug|Any CPU
		{A3881F30-4A5C-42BA-8E45-339F3640B95C}.Debug|Any CPU.Build.0 = Debug|Any CPU
		{A3881F30-4A5C-42BA-8E45-339F3640B95C}.Release|Any CPU.ActiveCfg = Release|Any CPU
		{A3881F30-4A5C-42BA-8E45-339F3640B95C}.Release|Any CPU.Build.0 = Release|Any CPU
		{5EB0B08A-A82E-44AF-A166-00C109E1532B}.Debug|Any CPU.ActiveCfg = Debug|Any CPU
		{5EB0B08A-A82E-44AF-A166-00C109E1532B}.Debug|Any CPU.Build.0 = Debug|Any CPU
		{5EB0B08A-A82E-44AF-A166-00C109E1532B}.Release|Any CPU.ActiveCfg = Release|Any CPU
		{5EB0B08A-A82E-44AF-A166-00C109E1532B}.Release|Any CPU.Build.0 = Release|Any CPU
		{D5F1B49A-0041-43A4-B9BF-3B2CA962212E}.Debug|Any CPU.ActiveCfg = Debug|Any CPU
		{D5F1B49A-0041-43A4-B9BF-3B2CA962212E}.Debug|Any CPU.Build.0 = Debug|Any CPU
		{D5F1B49A-0041-43A4-B9BF-3B2CA962212E}.Release|Any CPU.ActiveCfg = Release|Any CPU
		{D5F1B49A-0041-43A4-B9BF-3B2CA962212E}.Release|Any CPU.Build.0 = Release|Any CPU
		{186AC283-1B19-4762-9417-D9DA7FC1FD67}.Debug|Any CPU.ActiveCfg = Debug|Any CPU
		{186AC283-1B19-4762-9417-D9DA7FC1FD67}.Debug|Any CPU.Build.0 = Debug|Any CPU
		{186AC283-1B19-4762-9417-D9DA7FC1FD67}.Release|Any CPU.ActiveCfg = Release|Any CPU
		{186AC283-1B19-4762-9417-D9DA7FC1FD67}.Release|Any CPU.Build.0 = Release|Any CPU
		{59CFC028-E17A-4AF9-AF6A-F41EA4D73EBD}.Debug|Any CPU.ActiveCfg = Debug|Any CPU
		{59CFC028-E17A-4AF9-AF6A-F41EA4D73EBD}.Debug|Any CPU.Build.0 = Debug|Any CPU
		{59CFC028-E17A-4AF9-AF6A-F41EA4D73EBD}.Release|Any CPU.ActiveCfg = Release|Any CPU
		{59CFC028-E17A-4AF9-AF6A-F41EA4D73EBD}.Release|Any CPU.Build.0 = Release|Any CPU
		{2AE4256F-223D-4F5E-87F7-7E52D9A53A4F}.Debug|Any CPU.ActiveCfg = Debug|Any CPU
		{2AE4256F-223D-4F5E-87F7-7E52D9A53A4F}.Debug|Any CPU.Build.0 = Debug|Any CPU
		{2AE4256F-223D-4F5E-87F7-7E52D9A53A4F}.Release|Any CPU.ActiveCfg = Release|Any CPU
		{2AE4256F-223D-4F5E-87F7-7E52D9A53A4F}.Release|Any CPU.Build.0 = Release|Any CPU
		{46909999-C38A-4BDA-A20C-B5E31AF0E114}.Debug|Any CPU.ActiveCfg = Debug|Any CPU
		{46909999-C38A-4BDA-A20C-B5E31AF0E114}.Debug|Any CPU.Build.0 = Debug|Any CPU
		{46909999-C38A-4BDA-A20C-B5E31AF0E114}.Release|Any CPU.ActiveCfg = Release|Any CPU
		{46909999-C38A-4BDA-A20C-B5E31AF0E114}.Release|Any CPU.Build.0 = Release|Any CPU
		{51AD1596-CA6B-486C-88C0-85BD61B94CBF}.Debug|Any CPU.ActiveCfg = Debug|Any CPU
		{51AD1596-CA6B-486C-88C0-85BD61B94CBF}.Debug|Any CPU.Build.0 = Debug|Any CPU
		{51AD1596-CA6B-486C-88C0-85BD61B94CBF}.Release|Any CPU.ActiveCfg = Release|Any CPU
		{51AD1596-CA6B-486C-88C0-85BD61B94CBF}.Release|Any CPU.Build.0 = Release|Any CPU
		{AC92C8C3-5331-4D12-B821-BFAF50D1171A}.Debug|Any CPU.ActiveCfg = Debug|Any CPU
		{AC92C8C3-5331-4D12-B821-BFAF50D1171A}.Debug|Any CPU.Build.0 = Debug|Any CPU
		{AC92C8C3-5331-4D12-B821-BFAF50D1171A}.Release|Any CPU.ActiveCfg = Release|Any CPU
		{AC92C8C3-5331-4D12-B821-BFAF50D1171A}.Release|Any CPU.Build.0 = Release|Any CPU
		{64CA2BE5-F1FC-48E7-AE13-C212C16D90CB}.Debug|Any CPU.ActiveCfg = Debug|Any CPU
		{64CA2BE5-F1FC-48E7-AE13-C212C16D90CB}.Debug|Any CPU.Build.0 = Debug|Any CPU
		{64CA2BE5-F1FC-48E7-AE13-C212C16D90CB}.Release|Any CPU.ActiveCfg = Release|Any CPU
		{64CA2BE5-F1FC-48E7-AE13-C212C16D90CB}.Release|Any CPU.Build.0 = Release|Any CPU
		{6F54EBE5-CDCF-44F4-A498-6B45D3ADAEDD}.Debug|Any CPU.ActiveCfg = Debug|Any CPU
		{6F54EBE5-CDCF-44F4-A498-6B45D3ADAEDD}.Debug|Any CPU.Build.0 = Debug|Any CPU
		{6F54EBE5-CDCF-44F4-A498-6B45D3ADAEDD}.Release|Any CPU.ActiveCfg = Release|Any CPU
		{6F54EBE5-CDCF-44F4-A498-6B45D3ADAEDD}.Release|Any CPU.Build.0 = Release|Any CPU
		{F9553D1D-2BF0-44BE-AB74-CC6EA8FEE076}.Debug|Any CPU.ActiveCfg = Debug|Any CPU
		{F9553D1D-2BF0-44BE-AB74-CC6EA8FEE076}.Debug|Any CPU.Build.0 = Debug|Any CPU
		{F9553D1D-2BF0-44BE-AB74-CC6EA8FEE076}.Release|Any CPU.ActiveCfg = Release|Any CPU
		{F9553D1D-2BF0-44BE-AB74-CC6EA8FEE076}.Release|Any CPU.Build.0 = Release|Any CPU
	EndGlobalSection
	GlobalSection(SolutionProperties) = preSolution
		HideSolutionNode = FALSE
	EndGlobalSection
	GlobalSection(ExtensibilityGlobals) = postSolution
		SolutionGuid = {BD59295E-22CC-457C-8D91-B2995B9488C1}
	EndGlobalSection
EndGlobal
